
Microsoft Visual Studio Solution File, Format Version 12.00
# Visual Studio Version 16
VisualStudioVersion = 16.0.30907.101
MinimumVisualStudioVersion = 10.0.40219.1
Project("{FAE04EC0-301F-11D3-BF4B-00C04F79EFBC}") = "RichesDotNetApp", "RichesDotNetApp\RichesDotNetApp.csproj", "{80702256-9A55-493E-81ED-C9832A2DA718}"
EndProject
Global
	GlobalSection(SolutionConfigurationPlatforms) = preSolution
		Debug|Any CPU = Debug|Any CPU
		Release|Any CPU = Release|Any CPU
	EndGlobalSection
	GlobalSection(ProjectConfigurationPlatforms) = postSolution
		{80702256-9A55-493E-81ED-C9832A2DA718}.Debug|Any CPU.ActiveCfg = Debug|Any CPU
		{80702256-9A55-493E-81ED-C9832A2DA718}.Debug|Any CPU.Build.0 = Debug|Any CPU
		{80702256-9A55-493E-81ED-C9832A2DA718}.Release|Any CPU.ActiveCfg = Release|Any CPU
		{80702256-9A55-493E-81ED-C9832A2DA718}.Release|Any CPU.Build.0 = Release|Any CPU
	EndGlobalSection
	GlobalSection(SolutionProperties) = preSolution
		HideSolutionNode = FALSE
	EndGlobalSection
	GlobalSection(ExtensibilityGlobals) = postSolution
		SolutionGuid = {B7C4EB01-7E93-45F7-A726-870FE54BD4EB}
	EndGlobalSection
EndGlobal
